PODS:
  - Alamofire (4.9.0)
  - FSCalendar (2.8.0)
  - HSCycleGalleryView (1.1.2)
  - IQKeyboardManagerSwift (6.5.2)
  - OneSignal (2.11.2)
  - SideMenuController (0.2.4)

DEPENDENCIES:
  - Alamofire
  - FSCalendar
  - HSCycleGalleryView
  - IQKeyboardManagerSwift
  - OneSignal (< 3.0, >= 2.6.2)
  - SideMenuController

SPEC REPOS:
  trunk:
    - Alamofire
    - FSCalendar
    - HSCycleGalleryView
    - IQKeyboardManagerSwift
    - OneSignal
    - SideMenuController

SPEC CHECKSUMS:
  Alamofire: afc3e7c6db61476cb45cdd23fed06bad03bbc321
  FSCalendar: 3a5ed3636e2ba1b83ebebfcf0c2603105a6f5efe
  HSCycleGalleryView: 791af0073b6f27adcefdf57f90cf6fc633bc2ae3
  IQKeyboardManagerSwift: c75366f1f19590e8caeae45fcd5815c9289d6099
  OneSignal: 4e3e68bb6c29975286a2fa910cb49132bc6e20bb
  SideMenuController: b463d2b3aa58e2afe57f57a07938fa9a647894ca

PODFILE CHECKSUM: dc6362d95a1364833fb087ef15d281c50a5dff28

COCOAPODS: 1.8.3
